
Microsoft Visual Studio Solution File, Format Version 12.00
# Visual Studio 15
VisualStudioVersion = 15.0.27004.2002
MinimumVisualStudioVersion = 10.0.40219.1
Project("{FAE04EC0-301F-11D3-BF4B-00C04F79EFBC}") = "ManiacEditor", "ManiacEditor\ManiacEditor.csproj", "{297BA354-5E1E-4701-A6A2-73784BC8C8B1}"
	ProjectSection(ProjectDependencies) = postProject
		{CF5496F8-002B-408F-9B3D-67C88F610283} = {CF5496F8-002B-408F-9B3D-67C88F610283}
	EndProjectSection
EndProject
Project("{FAE04EC0-301F-11D3-BF4B-00C04F79EFBC}") = "RSDKv5", "RSDKv5\RSDKv5.csproj", "{CF5496F8-002B-408F-9B3D-67C88F610283}"
EndProject
Project("{2150E333-8FDC-42A3-9474-1A3956D46DE8}") = "Solution Items", "Solution Items", "{4457DD0B-7361-4B25-8BC0-932E4E209AAA}"
	ProjectSection(SolutionItems) = preProject
		appveyor.yml = appveyor.yml
		README.md = README.md
	EndProjectSection
EndProject
Global
	GlobalSection(SolutionConfigurationPlatforms) = preSolution
		Debug|Any CPU = Debug|Any CPU
		Release|Any CPU = Release|Any CPU
	EndGlobalSection
	GlobalSection(ProjectConfigurationPlatforms) = postSolution
		{297BA354-5E1E-4701-A6A2-73784BC8C8B1}.Debug|Any CPU.ActiveCfg = Debug|Any CPU
		{297BA354-5E1E-4701-A6A2-73784BC8C8B1}.Debug|Any CPU.Build.0 = Debug|Any CPU
		{297BA354-5E1E-4701-A6A2-73784BC8C8B1}.Release|Any CPU.ActiveCfg = Release|Any CPU
		{297BA354-5E1E-4701-A6A2-73784BC8C8B1}.Release|Any CPU.Build.0 = Release|Any CPU
		{CF5496F8-002B-408F-9B3D-67C88F610283}.Debug|Any CPU.ActiveCfg = Debug|Any CPU
		{CF5496F8-002B-408F-9B3D-67C88F610283}.Debug|Any CPU.Build.0 = Debug|Any CPU
		{CF5496F8-002B-408F-9B3D-67C88F610283}.Release|Any CPU.ActiveCfg = Release|Any CPU
		{CF5496F8-002B-408F-9B3D-67C88F610283}.Release|Any CPU.Build.0 = Release|Any CPU
	EndGlobalSection
	GlobalSection(SolutionProperties) = preSolution
		HideSolutionNode = FALSE
	EndGlobalSection
	GlobalSection(ExtensibilityGlobals) = postSolution
		SolutionGuid = {DAF40CCD-B3B1-476A-893F-9845DEE72A04}
	EndGlobalSection
EndGlobal
